
Microsoft Visual Studio Solution File, Format Version 12.00
# Visual Studio 14
VisualStudioVersion = 14.0.25420.1
MinimumVisualStudioVersion = 10.0.40219.1
Project("{FAE04EC0-301F-11D3-BF4B-00C04F79EFBC}") = "GoodsReviews", "GoodsReviews\GoodsReviews.csproj", "{1CD31E63-5F44-4913-83B8-8C3B948C65DC}"
EndProject
Project("{FAE04EC0-301F-11D3-BF4B-00C04F79EFBC}") = "GoodsReivewsLibrary", "GoodsReivewsLibrary\GoodsReivewsLibrary.csproj", "{08B60CFB-B507-473E-9EBF-213F11E381A4}"
EndProject
Project("{FAE04EC0-301F-11D3-BF4B-00C04F79EFBC}") = "GraphicPart", "GraphicPart\GraphicPart.csproj", "{7859D71F-44C3-438C-8359-80C4F0747EA3}"
EndProject
Global
	GlobalSection(SolutionConfigurationPlatforms) = preSolution
		Debug|Any CPU = Debug|Any CPU
		Release|Any CPU = Release|Any CPU
	EndGlobalSection
	GlobalSection(ProjectConfigurationPlatforms) = postSolution
		{1CD31E63-5F44-4913-83B8-8C3B948C65DC}.Debug|Any CPU.ActiveCfg = Debug|Any CPU
		{1CD31E63-5F44-4913-83B8-8C3B948C65DC}.Debug|Any CPU.Build.0 = Debug|Any CPU
		{1CD31E63-5F44-4913-83B8-8C3B948C65DC}.Release|Any CPU.ActiveCfg = Release|Any CPU
		{1CD31E63-5F44-4913-83B8-8C3B948C65DC}.Release|Any CPU.Build.0 = Release|Any CPU
		{08B60CFB-B507-473E-9EBF-213F11E381A4}.Debug|Any CPU.ActiveCfg = Debug|Any CPU
		{08B60CFB-B507-473E-9EBF-213F11E381A4}.Debug|Any CPU.Build.0 = Debug|Any CPU
		{08B60CFB-B507-473E-9EBF-213F11E381A4}.Release|Any CPU.ActiveCfg = Release|Any CPU
		{08B60CFB-B507-473E-9EBF-213F11E381A4}.Release|Any CPU.Build.0 = Release|Any CPU
		{7859D71F-44C3-438C-8359-80C4F0747EA3}.Debug|Any CPU.ActiveCfg = Debug|Any CPU
		{7859D71F-44C3-438C-8359-80C4F0747EA3}.Debug|Any CPU.Build.0 = Debug|Any CPU
		{7859D71F-44C3-438C-8359-80C4F0747EA3}.Release|Any CPU.ActiveCfg = Release|Any CPU
		{7859D71F-44C3-438C-8359-80C4F0747EA3}.Release|Any CPU.Build.0 = Release|Any CPU
	EndGlobalSection
	GlobalSection(SolutionProperties) = preSolution
		HideSolutionNode = FALSE
	EndGlobalSection
EndGlobal
