
Microsoft Visual Studio Solution File, Format Version 12.00
# Visual Studio 14
VisualStudioVersion = 14.0.25420.1
MinimumVisualStudioVersion = 10.0.40219.1
Project("{FAE04EC0-301F-11D3-BF4B-00C04F79EFBC}") = "GoodsReivewsLibrary", "GoodsReivewsLibrary\GoodsReivewsLibrary.csproj", "{08B60CFB-B507-473E-9EBF-213F11E381A4}"
EndProject
Project("{FAE04EC0-301F-11D3-BF4B-00C04F79EFBC}") = "GraphicPart", "GraphicPart\GraphicPart.csproj", "{7859D71F-44C3-438C-8359-80C4F0747EA3}"
EndProject
Project("{FAE04EC0-301F-11D3-BF4B-00C04F79EFBC}") = "GoodsReviewsServer", "GoodsReviews\GoodsReviewsServer.csproj", "{9CB9A42C-7C77-4A4C-A87C-37AEA8AF759C}"
EndProject
Project("{7CF6DF6D-3B04-46F8-A40B-537D21BCA0B4}") = "Documentation1", "Documentation1\Documentation1.shfbproj", "{7741DA5D-8463-4A0C-921D-C99043F371E9}"
EndProject
Project("{FAE04EC0-301F-11D3-BF4B-00C04F79EFBC}") = "Server", "Server\Server.csproj", "{9DFAF982-9F21-4279-A536-A6D299A8E43E}"
EndProject
Project("{F088123C-0E9E-452A-89E6-6BA2F21D5CAC}") = "ModelingProject1", "ModelingProject1\ModelingProject1.modelproj", "{0AE2C1BD-BC64-4E1A-9DB3-FBFDB30D09DD}"
EndProject
Global
	GlobalSection(SolutionConfigurationPlatforms) = preSolution
		Debug|Any CPU = Debug|Any CPU
		Release|Any CPU = Release|Any CPU
	EndGlobalSection
	GlobalSection(ProjectConfigurationPlatforms) = postSolution
		{08B60CFB-B507-473E-9EBF-213F11E381A4}.Debug|Any CPU.ActiveCfg = Debug|Any CPU
		{08B60CFB-B507-473E-9EBF-213F11E381A4}.Debug|Any CPU.Build.0 = Debug|Any CPU
		{08B60CFB-B507-473E-9EBF-213F11E381A4}.Release|Any CPU.ActiveCfg = Release|Any CPU
		{08B60CFB-B507-473E-9EBF-213F11E381A4}.Release|Any CPU.Build.0 = Release|Any CPU
		{7859D71F-44C3-438C-8359-80C4F0747EA3}.Debug|Any CPU.ActiveCfg = Debug|Any CPU
		{7859D71F-44C3-438C-8359-80C4F0747EA3}.Debug|Any CPU.Build.0 = Debug|Any CPU
		{7859D71F-44C3-438C-8359-80C4F0747EA3}.Release|Any CPU.ActiveCfg = Release|Any CPU
		{7859D71F-44C3-438C-8359-80C4F0747EA3}.Release|Any CPU.Build.0 = Release|Any CPU
		{9CB9A42C-7C77-4A4C-A87C-37AEA8AF759C}.Debug|Any CPU.ActiveCfg = Debug|Any CPU
		{9CB9A42C-7C77-4A4C-A87C-37AEA8AF759C}.Debug|Any CPU.Build.0 = Debug|Any CPU
		{9CB9A42C-7C77-4A4C-A87C-37AEA8AF759C}.Release|Any CPU.ActiveCfg = Release|Any CPU
		{9CB9A42C-7C77-4A4C-A87C-37AEA8AF759C}.Release|Any CPU.Build.0 = Release|Any CPU
		{7741DA5D-8463-4A0C-921D-C99043F371E9}.Debug|Any CPU.ActiveCfg = Debug|Any CPU
		{7741DA5D-8463-4A0C-921D-C99043F371E9}.Debug|Any CPU.Build.0 = Debug|Any CPU
		{7741DA5D-8463-4A0C-921D-C99043F371E9}.Release|Any CPU.ActiveCfg = Release|Any CPU
		{7741DA5D-8463-4A0C-921D-C99043F371E9}.Release|Any CPU.Build.0 = Release|Any CPU
		{9DFAF982-9F21-4279-A536-A6D299A8E43E}.Debug|Any CPU.ActiveCfg = Debug|Any CPU
		{9DFAF982-9F21-4279-A536-A6D299A8E43E}.Debug|Any CPU.Build.0 = Debug|Any CPU
		{9DFAF982-9F21-4279-A536-A6D299A8E43E}.Release|Any CPU.ActiveCfg = Release|Any CPU
		{9DFAF982-9F21-4279-A536-A6D299A8E43E}.Release|Any CPU.Build.0 = Release|Any CPU
		{0AE2C1BD-BC64-4E1A-9DB3-FBFDB30D09DD}.Debug|Any CPU.ActiveCfg = Debug|Any CPU
		{0AE2C1BD-BC64-4E1A-9DB3-FBFDB30D09DD}.Debug|Any CPU.Build.0 = Debug|Any CPU
		{0AE2C1BD-BC64-4E1A-9DB3-FBFDB30D09DD}.Release|Any CPU.ActiveCfg = Release|Any CPU
		{0AE2C1BD-BC64-4E1A-9DB3-FBFDB30D09DD}.Release|Any CPU.Build.0 = Release|Any CPU
	EndGlobalSection
	GlobalSection(SolutionProperties) = preSolution
		HideSolutionNode = FALSE
	EndGlobalSection
EndGlobal
